// !$*UTF8*$!
{
	archiveVersion = 1;
	classes = {
	};
	objectVersion = 48;
	objects = {

/* Begin PBXBuildFile section */
		B50AB9A81FA0D9C100FF4BAD /* AppDelegate.swift in Sources */ = {isa = PBXBuildFile; fileRef = B50AB9A71FA0D9C100FF4BAD /* AppDelegate.swift */; };
		B50AB9AA1FA0D9C100FF4BAD /* GameController.swift in Sources */ = {isa = PBXBuildFile; fileRef = B50AB9A91FA0D9C100FF4BAD /* GameController.swift */; };
		B50AB9AD1FA0D9C100FF4BAD /* Main.storyboard in Resources */ = {isa = PBXBuildFile; fileRef = B50AB9AB1FA0D9C100FF4BAD /* Main.storyboard */; };
		B50AB9AF1FA0D9C100FF4BAD /* Assets.xcassets in Resources */ = {isa = PBXBuildFile; fileRef = B50AB9AE1FA0D9C100FF4BAD /* Assets.xcassets */; };
		B50AB9B21FA0D9C100FF4BAD /* LaunchScreen.storyboard in Resources */ = {isa = PBXBuildFile; fileRef = B50AB9B01FA0D9C100FF4BAD /* LaunchScreen.storyboard */; };
		B51175C31FA1B52E00C0A716 /* Events.plist in Resources */ = {isa = PBXBuildFile; fileRef = B51175C21FA1B52E00C0A716 /* Events.plist */; };
		B51175C91FA2124F00C0A716 /* Game.swift in Sources */ = {isa = PBXBuildFile; fileRef = B51175C81FA2124F00C0A716 /* Game.swift */; };
		B51175CB1FA21CD900C0A716 /* Helpers.swift in Sources */ = {isa = PBXBuildFile; fileRef = B51175CA1FA21CD900C0A716 /* Helpers.swift */; };
		B51175CD1FA274BC00C0A716 /* ScoreController.swift in Sources */ = {isa = PBXBuildFile; fileRef = B51175CC1FA274BC00C0A716 /* ScoreController.swift */; };
		B5E62F881FA3750E0014D2D8 /* InfoController.swift in Sources */ = {isa = PBXBuildFile; fileRef = B5E62F871FA3750E0014D2D8 /* InfoController.swift */; };
/* End PBXBuildFile section */

/* Begin PBXFileReference section */
		B50AB9A41FA0D9C100FF4BAD /* BoutTime.app */ = {isa = PBXFileReference; explicitFileType = wrapper.application; includeInIndex = 0; path = BoutTime.app; sourceTree = BUILT_PRODUCTS_DIR; };
		B50AB9A71FA0D9C100FF4BAD /* AppDelegate.swift */ = {isa = PBXFileReference; lastKnownFileType = sourcecode.swift; path = AppDelegate.swift; sourceTree = "<group>"; };
		B50AB9A91FA0D9C100FF4BAD /* GameController.swift */ = {isa = PBXFileReference; lastKnownFileType = sourcecode.swift; path = GameController.swift; sourceTree = "<group>"; };
		B50AB9AC1FA0D9C100FF4BAD /* Base */ = {isa = PBXFileReference; lastKnownFileType = file.storyboard; name = Base; path = Base.lproj/Main.storyboard; sourceTree = "<group>"; };
		B50AB9AE1FA0D9C100FF4BAD /* Assets.xcassets */ = {isa = PBXFileReference; lastKnownFileType = folder.assetcatalog; path = Assets.xcassets; sourceTree = "<group>"; };
		B50AB9B11FA0D9C100FF4BAD /* Base */ = {isa = PBXFileReference; lastKnownFileType = file.storyboard; name = Base; path = Base.lproj/LaunchScreen.storyboard; sourceTree = "<group>"; };
		B50AB9B31FA0D9C100FF4BAD /* Info.plist */ = {isa = PBXFileReference; lastKnownFileType = text.plist.xml; path = Info.plist; sourceTree = "<group>"; };
		B51175C21FA1B52E00C0A716 /* Events.plist */ = {isa = PBXFileReference; lastKnownFileType = text.plist.xml; path = Events.plist; sourceTree = "<group>"; };
		B51175C81FA2124F00C0A716 /* Game.swift */ = {isa = PBXFileReference; lastKnownFileType = sourcecode.swift; path = Game.swift; sourceTree = "<group>"; };
		B51175CA1FA21CD900C0A716 /* Helpers.swift */ = {isa = PBXFileReference; fileEncoding = 4; lastKnownFileType = sourcecode.swift; path = Helpers.swift; sourceTree = "<group>"; };
		B51175CC1FA274BC00C0A716 /* ScoreController.swift */ = {isa = PBXFileReference; lastKnownFileType = sourcecode.swift; path = ScoreController.swift; sourceTree = "<group>"; };
		B5E62F871FA3750E0014D2D8 /* InfoController.swift */ = {isa = PBXFileReference; lastKnownFileType = sourcecode.swift; path = InfoController.swift; sourceTree = "<group>"; };
/* End PBXFileReference section */

/* Begin PBXFrameworksBuildPhase section */
		B50AB9A11FA0D9C100FF4BAD /* Frameworks */ = {
			isa = PBXFrameworksBuildPhase;
			buildActionMask = 2147483647;
			files = (
			);
			runOnlyForDeploymentPostprocessing = 0;
		};
/* End PBXFrameworksBuildPhase section */

/* Begin PBXGroup section */
		B50AB99B1FA0D9C100FF4BAD = {
			isa = PBXGroup;
			children = (
				B50AB9A61FA0D9C100FF4BAD /* BoutTime */,
				B50AB9A51FA0D9C100FF4BAD /* Products */,
			);
			sourceTree = "<group>";
		};
		B50AB9A51FA0D9C100FF4BAD /* Products */ = {
			isa = PBXGroup;
			children = (
				B50AB9A41FA0D9C100FF4BAD /* BoutTime.app */,
			);
			name = Products;
			sourceTree = "<group>";
		};
		B50AB9A61FA0D9C100FF4BAD /* BoutTime */ = {
			isa = PBXGroup;
			children = (
				B50AB9A71FA0D9C100FF4BAD /* AppDelegate.swift */,
				B50AB9A91FA0D9C100FF4BAD /* GameController.swift */,
				B51175CC1FA274BC00C0A716 /* ScoreController.swift */,
				B51175C81FA2124F00C0A716 /* Game.swift */,
				B51175CA1FA21CD900C0A716 /* Helpers.swift */,
				B50AB9AB1FA0D9C100FF4BAD /* Main.storyboard */,
				B50AB9AE1FA0D9C100FF4BAD /* Assets.xcassets */,
				B50AB9B01FA0D9C100FF4BAD /* LaunchScreen.storyboard */,
				B50AB9B31FA0D9C100FF4BAD /* Info.plist */,
				B51175C21FA1B52E00C0A716 /* Events.plist */,
				B5E62F871FA3750E0014D2D8 /* InfoController.swift */,
			);
			path = BoutTime;
			sourceTree = "<group>";
		};
/* End PBXGroup section */

/* Begin PBXNativeTarget section */
		B50AB9A31FA0D9C100FF4BAD /* BoutTime */ = {
			isa = PBXNativeTarget;
			buildConfigurationList = B50AB9B61FA0D9C100FF4BAD /* Build configuration list for PBXNativeTarget "BoutTime" */;
			buildPhases = (
				B50AB9A01FA0D9C100FF4BAD /* Sources */,
				B50AB9A11FA0D9C100FF4BAD /* Frameworks */,
				B50AB9A21FA0D9C100FF4BAD /* Resources */,
			);
			buildRules = (
			);
			dependencies = (
			);
			name = BoutTime;
			productName = BoutTime;
			productReference = B50AB9A41FA0D9C100FF4BAD /* BoutTime.app */;
			productType = "com.apple.product-type.application";
		};
/* End PBXNativeTarget section */

/* Begin PBXProject section */
		B50AB99C1FA0D9C100FF4BAD /* Project object */ = {
			isa = PBXProject;
			attributes = {
				LastSwiftUpdateCheck = 0900;
				LastUpgradeCheck = 0900;
				ORGANIZATIONNAME = "Hariidaran Tamilmaran";
				TargetAttributes = {
					B50AB9A31FA0D9C100FF4BAD = {
						CreatedOnToolsVersion = 9.0.1;
						ProvisioningStyle = Automatic;
					};
				};
			};
			buildConfigurationList = B50AB99F1FA0D9C100FF4BAD /* Build configuration list for PBXProject "BoutTime" */;
			compatibilityVersion = "Xcode 8.0";
			developmentRegion = en;
			hasScannedForEncodings = 0;
			knownRegions = (
				en,
				Base,
			);
			mainGroup = B50AB99B1FA0D9C100FF4BAD;
			productRefGroup = B50AB9A51FA0D9C100FF4BAD /* Products */;
			projectDirPath = "";
			projectRoot = "";
			targets = (
				B50AB9A31FA0D9C100FF4BAD /* BoutTime */,
			);
		};
/* End PBXProject section */

/* Begin PBXResourcesBuildPhase section */
		B50AB9A21FA0D9C100FF4BAD /* Resources */ = {
			isa = PBXResourcesBuildPhase;
			buildActionMask = 2147483647;
			files = (
				B50AB9B21FA0D9C100FF4BAD /* LaunchScreen.storyboard in Resources */,
				B50AB9AF1FA0D9C100FF4BAD /* Assets.xcassets in Resources */,
				B50AB9AD1FA0D9C100FF4BAD /* Main.storyboard in Resources */,
				B51175C31FA1B52E00C0A716 /* Events.plist in Resources */,
			);
			runOnlyForDeploymentPostprocessing = 0;
		};
/* End PBXResourcesBuildPhase section */

/* Begin PBXSourcesBuildPhase section */
		B50AB9A01FA0D9C100FF4BAD /* Sources */ = {
			isa = PBXSourcesBuildPhase;
			buildActionMask = 2147483647;
			files = (
				B51175CD1FA274BC00C0A716 /* ScoreController.swift in Sources */,
				B50AB9AA1FA0D9C100FF4BAD /* GameController.swift in Sources */,
				B51175C91FA2124F00C0A716 /* Game.swift in Sources */,
				B50AB9A81FA0D9C100FF4BAD /* AppDelegate.swift in Sources */,
				B51175CB1FA21CD900C0A716 /* Helpers.swift in Sources */,
				B5E62F881FA3750E0014D2D8 /* InfoController.swift in Sources */,
			);
			runOnlyForDeploymentPostprocessing = 0;
		};
/* End PBXSourcesBuildPhase section */

/* Begin PBXVariantGroup section */
		B50AB9AB1FA0D9C100FF4BAD /* Main.storyboard */ = {
			isa = PBXVariantGroup;
			children = (
				B50AB9AC1FA0D9C100FF4BAD /* Base */,
			);
			name = Main.storyboard;
			sourceTree = "<group>";
		};
		B50AB9B01FA0D9C100FF4BAD /* LaunchScreen.storyboard */ = {
			isa = PBXVariantGroup;
			children = (
				B50AB9B11FA0D9C100FF4BAD /* Base */,
			);
			name = LaunchScreen.storyboard;
			sourceTree = "<group>";
		};
/* End PBXVariantGroup section */

/* Begin XCBuildConfiguration section */
		B50AB9B41FA0D9C100FF4BAD /* Debug */ = {
			isa = XCBuildConfiguration;
			buildSettings = {
				ALWAYS_SEARCH_USER_PATHS = NO;
				CLANG_ANALYZER_NONNULL = YES;
				CLANG_ANALYZER_NUMBER_OBJECT_CONVERSION = YES_AGGRESSIVE;
				CLANG_CXX_LANGUAGE_STANDARD = "gnu++14";
				CLANG_CXX_LIBRARY = "libc++";
				CLANG_ENABLE_MODULES = YES;
				CLANG_ENABLE_OBJC_ARC = YES;
				CLANG_WARN_BLOCK_CAPTURE_AUTORELEASING = YES;
				CLANG_WARN_BOOL_CONVERSION = YES;
				CLANG_WARN_COMMA = YES;
				CLANG_WARN_CONSTANT_CONVERSION = YES;
				CLANG_WARN_DIRECT_OBJC_ISA_USAGE = YES_ERROR;
				CLANG_WARN_DOCUMENTATION_COMMENTS = YES;
				CLANG_WARN_EMPTY_BODY = YES;
				CLANG_WARN_ENUM_CONVERSION = YES;
				CLANG_WARN_INFINITE_RECURSION = YES;
				CLANG_WARN_INT_CONVERSION = YES;
				CLANG_WARN_NON_LITERAL_NULL_CONVERSION = YES;
				CLANG_WARN_OBJC_LITERAL_CONVERSION = YES;
				CLANG_WARN_OBJC_ROOT_CLASS = YES_ERROR;
				CLANG_WARN_RANGE_LOOP_ANALYSIS = YES;
				CLANG_WARN_STRICT_PROTOTYPES = YES;
				CLANG_WARN_SUSPICIOUS_MOVE = YES;
				CLANG_WARN_UNGUARDED_AVAILABILITY = YES_AGGRESSIVE;
				CLANG_WARN_UNREACHABLE_CODE = YES;
				CLANG_WARN__DUPLICATE_METHOD_MATCH = YES;
				CODE_SIGN_IDENTITY = "iPhone Developer";
				COPY_PHASE_STRIP = NO;
				DEBUG_INFORMATION_FORMAT = dwarf;
				ENABLE_STRICT_OBJC_MSGSEND = YES;
				ENABLE_TESTABILITY = YES;
				GCC_C_LANGUAGE_STANDARD = gnu11;
				GCC_DYNAMIC_NO_PIC = NO;
				GCC_NO_COMMON_BLOCKS = YES;
				GCC_OPTIMIZATION_LEVEL = 0;
				GCC_PREPROCESSOR_DEFINITIONS = (
					"DEBUG=1",
					"$(inherited)",
				);
				GCC_WARN_64_TO_32_BIT_CONVERSION = YES;
				GCC_WARN_ABOUT_RETURN_TYPE = YES_ERROR;
				GCC_WARN_UNDECLARED_SELECTOR = YES;
				GCC_WARN_UNINITIALIZED_AUTOS = YES_AGGRESSIVE;
				GCC_WARN_UNUSED_FUNCTION = YES;
				GCC_WARN_UNUSED_VARIABLE = YES;
				IPHONEOS_DEPLOYMENT_TARGET = 11.0;
				MTL_ENABLE_DEBUG_INFO = YES;
				ONLY_ACTIVE_ARCH = YES;
				SDKROOT = iphoneos;
				SWIFT_ACTIVE_COMPILATION_CONDITIONS = DEBUG;
				SWIFT_OPTIMIZATION_LEVEL = "-Onone";
			};
			name = Debug;
		};
		B50AB9B51FA0D9C100FF4BAD /* Release */ = {
			isa = XCBuildConfiguration;
			buildSettings = {
				ALWAYS_SEARCH_USER_PATHS = NO;
				CLANG_ANALYZER_NONNULL = YES;
				CLANG_ANALYZER_NUMBER_OBJECT_CONVERSION = YES_AGGRESSIVE;
				CLANG_CXX_LANGUAGE_STANDARD = "gnu++14";
				CLANG_CXX_LIBRARY = "libc++";
				CLANG_ENABLE_MODULES = YES;
				CLANG_ENABLE_OBJC_ARC = YES;
				CLANG_WARN_BLOCK_CAPTURE_AUTORELEASING = YES;
				CLANG_WARN_BOOL_CONVERSION = YES;
				CLANG_WARN_COMMA = YES;
				CLANG_WARN_CONSTANT_CONVERSION = YES;
				CLANG_WARN_DIRECT_OBJC_ISA_USAGE = YES_ERROR;
				CLANG_WARN_DOCUMENTATION_COMMENTS = YES;
				CLANG_WARN_EMPTY_BODY = YES;
				CLANG_WARN_ENUM_CONVERSION = YES;
				CLANG_WARN_INFINITE_RECURSION = YES;
				CLANG_WARN_INT_CONVERSION = YES;
				CLANG_WARN_NON_LITERAL_NULL_CONVERSION = YES;
				CLANG_WARN_OBJC_LITERAL_CONVERSION = YES;
				CLANG_WARN_OBJC_ROOT_CLASS = YES_ERROR;
				CLANG_WARN_RANGE_LOOP_ANALYSIS = YES;
				CLANG_WARN_STRICT_PROTOTYPES = YES;
				CLANG_WARN_SUSPICIOUS_MOVE = YES;
				CLANG_WARN_UNGUARDED_AVAILABILITY = YES_AGGRESSIVE;
				CLANG_WARN_UNREACHABLE_CODE = YES;
				CLANG_WARN__DUPLICATE_METHOD_MATCH = YES;
				CODE_SIGN_IDENTITY = "iPhone Developer";
				COPY_PHASE_STRIP = NO;
				DEBUG_INFORMATION_FORMAT = "dwarf-with-dsym";
				ENABLE_NS_ASSERTIONS = NO;
				ENABLE_STRICT_OBJC_MSGSEND = YES;
				GCC_C_LANGUAGE_STANDARD = gnu11;
				GCC_NO_COMMON_BLOCKS = YES;
				GCC_WARN_64_TO_32_BIT_CONVERSION = YES;
				GCC_WARN_ABOUT_RETURN_TYPE = YES_ERROR;
				GCC_WARN_UNDECLARED_SELECTOR = YES;
				GCC_WARN_UNINITIALIZED_AUTOS = YES_AGGRESSIVE;
				GCC_WARN_UNUSED_FUNCTION = YES;
				GCC_WARN_UNUSED_VARIABLE = YES;
				IPHONEOS_DEPLOYMENT_TARGET = 11.0;
				MTL_ENABLE_DEBUG_INFO = NO;
				SDKROOT = iphoneos;
				SWIFT_OPTIMIZATION_LEVEL = "-Owholemodule";
				VALIDATE_PRODUCT = YES;
			};
			name = Release;
		};
		B50AB9B71FA0D9C100FF4BAD /* Debug */ = {
			isa = XCBuildConfiguration;
			buildSettings = {
				ASSETCATALOG_COMPILER_APPICON_NAME = AppIcon;
				CODE_SIGN_STYLE = Automatic;
				DEVELOPMENT_TEAM = SAZ4N8HHA5;
				INFOPLIST_FILE = BoutTime/Info.plist;
				IPHONEOS_DEPLOYMENT_TARGET = 11.0;
				LD_RUNPATH_SEARCH_PATHS = "$(inherited) @executable_path/Frameworks";
				PRODUCT_BUNDLE_IDENTIFIER = c0d3rht.github.io.BoutTime;
				PRODUCT_NAME = "$(TARGET_NAME)";
				SWIFT_VERSION = 4.0;
				TARGETED_DEVICE_FAMILY = 1;
			};
			name = Debug;
		};
		B50AB9B81FA0D9C100FF4BAD /* Release */ = {
			isa = XCBuildConfiguration;
			buildSettings = {
				ASSETCATALOG_COMPILER_APPICON_NAME = AppIcon;
				CODE_SIGN_STYLE = Automatic;
				DEVELOPMENT_TEAM = SAZ4N8HHA5;
				INFOPLIST_FILE = BoutTime/Info.plist;
				IPHONEOS_DEPLOYMENT_TARGET = 11.0;
				LD_RUNPATH_SEARCH_PATHS = "$(inherited) @executable_path/Frameworks";
				PRODUCT_BUNDLE_IDENTIFIER = c0d3rht.github.io.BoutTime;
				PRODUCT_NAME = "$(TARGET_NAME)";
				SWIFT_VERSION = 4.0;
				TARGETED_DEVICE_FAMILY = 1;
			};
			name = Release;
		};
/* End XCBuildConfiguration section */

/* Begin XCConfigurationList section */
		B50AB99F1FA0D9C100FF4BAD /* Build configuration list for PBXProject "BoutTime" */ = {
			isa = XCConfigurationList;
			buildConfigurations = (
				B50AB9B41FA0D9C100FF4BAD /* Debug */,
				B50AB9B51FA0D9C100FF4BAD /* Release */,
			);
			defaultConfigurationIsVisible = 0;
			defaultConfigurationName = Release;
		};
		B50AB9B61FA0D9C100FF4BAD /* Build configuration list for PBXNativeTarget "BoutTime" */ = {
			isa = XCConfigurationList;
			buildConfigurations = (
				B50AB9B71FA0D9C100FF4BAD /* Debug */,
				B50AB9B81FA0D9C100FF4BAD /* Release */,
			);
			defaultConfigurationIsVisible = 0;
			defaultConfigurationName = Release;
		};
/* End XCConfigurationList section */
	};
	rootObject = B50AB99C1FA0D9C100FF4BAD /* Project object */;
}
